
Microsoft Visual Studio Solution File, Format Version 12.00
# Visual Studio Version 16
VisualStudioVersion = 16.0.29613.14
MinimumVisualStudioVersion = 10.0.40219.1
Project("{2150E333-8FDC-42A3-9474-1A3956D46DE8}") = "Cadastros", "Cadastros", "{8CB13A63-192F-46C5-8B5B-465405CB6176}"
EndProject
Project("{2150E333-8FDC-42A3-9474-1A3956D46DE8}") = "Catalogo", "Catalogo", "{3E5E8DA5-5D08-41F3-ADB7-1B099A711922}"
EndProject
Project("{2150E333-8FDC-42A3-9474-1A3956D46DE8}") = "Fiscal", "Fiscal", "{4242E403-B773-40BE-A742-B4EA61FF745F}"
EndProject
Project("{2150E333-8FDC-42A3-9474-1A3956D46DE8}") = "Pagamentos", "Pagamentos", "{76CD4E4B-E0F6-4DCB-8379-3E816BAFFDEE}"
EndProject
Project("{2150E333-8FDC-42A3-9474-1A3956D46DE8}") = "Financeiro", "Financeiro", "{AE0A5E56-79B0-43AB-A6C4-4F712AA2D61A}"
EndProject
Project("{2150E333-8FDC-42A3-9474-1A3956D46DE8}") = "Configuracao", "Configuracao", "{746579F2-8547-45E3-AE85-2E62C86A9396}"
EndProject
Project("{2150E333-8FDC-42A3-9474-1A3956D46DE8}") = "Vendas", "Vendas", "{737AB9E2-DE46-4551-BA52-22C140E7E058}"
EndProject
Project("{2150E333-8FDC-42A3-9474-1A3956D46DE8}") = "Core", "Core", "{00E8DE4A-8EF8-49CC-94BB-007B3FB4A3DA}"
EndProject
Project("{2150E333-8FDC-42A3-9474-1A3956D46DE8}") = "FrontEnd", "FrontEnd", "{B8D3B8BA-359E-4012-BD5E-384600E24760}"
EndProject
Project("{9A19103F-16F7-4668-BE54-9A1E7A4F7556}") = "ECommerce.Core.Service", "ECommerce.Core.Services\ECommerce.Core.Service.csproj", "{93ACAF31-5EBA-4F31-9367-6A03ECFBFDC9}"
EndProject
Project("{9A19103F-16F7-4668-BE54-9A1E7A4F7556}") = "ECommerce.Vendas.Application", "ECommerce.Vendas.Application\ECommerce.Vendas.Application.csproj", "{926C5491-8AE2-4126-A989-CA68AECB47FA}"
EndProject
Project("{9A19103F-16F7-4668-BE54-9A1E7A4F7556}") = "ECommerce.Vendas.Domain", "ECommerce.Vendas.Domain\ECommerce.Vendas.Domain.csproj", "{E26B5700-FA3E-4BEA-82AD-EE62AAE3046A}"
EndProject
Project("{9A19103F-16F7-4668-BE54-9A1E7A4F7556}") = "ECommerce.Vendas.Infrastructure", "ECommerce.Vendas.Infrastructure\ECommerce.Vendas.Infrastructure.csproj", "{D3E7EA3A-1FC2-4169-B739-CE69D4CBF862}"
EndProject
Project("{9A19103F-16F7-4668-BE54-9A1E7A4F7556}") = "ECommerce.Catalogo.Infrastructure", "ECommerce.Catalogo.Infrastructure\ECommerce.Catalogo.Infrastructure.csproj", "{0D7EF8C1-DFA4-411C-9188-83DD734C6CDF}"
EndProject
Project("{9A19103F-16F7-4668-BE54-9A1E7A4F7556}") = "ECommerce.Catalogo.Domain", "ECommerce.Catalogo.Domain\ECommerce.Catalogo.Domain.csproj", "{3E396777-5832-4827-AA92-63C540323090}"
EndProject
Project("{2150E333-8FDC-42A3-9474-1A3956D46DE8}") = "Seguranca", "Seguranca", "{3FD8D045-3E6C-442F-BE06-DEED425D55DB}"
EndProject
Project("{9A19103F-16F7-4668-BE54-9A1E7A4F7556}") = "ECommerce.Catalogo.Application", "ECommerce.Catalogo.Application\ECommerce.Catalogo.Application.csproj", "{3DFB8ED6-1573-4500-A1E2-BBB3B8981792}"
EndProject
Project("{9A19103F-16F7-4668-BE54-9A1E7A4F7556}") = "ECommerce.Catalogo.Service", "ECommerce.Catalogo.Service\ECommerce.Catalogo.Service.csproj", "{2348F107-01BE-4E07-9F4E-E3842D0D9D7F}"
EndProject
Project("{9A19103F-16F7-4668-BE54-9A1E7A4F7556}") = "ECommerce.Vendas.Service", "ECommerce.Vendas.Service\ECommerce.Vendas.Service.csproj", "{C7E743F0-DC56-4C06-9409-80BDDDB87086}"
EndProject
Project("{2150E333-8FDC-42A3-9474-1A3956D46DE8}") = "- NAO IMPLEMENTADOS", "- NAO IMPLEMENTADOS", "{1E798A3C-1914-42A0-9FCF-C82EE3BCBF05}"
EndProject
Project("{FAE04EC0-301F-11D3-BF4B-00C04F79EFBC}") = "ECommerce.FrontEnd.WebApplication", "ECommerce.FrontEnd.WebApplication\ECommerce.FrontEnd.WebApplication.csproj", "{1E41242B-0926-460B-BB87-872DCBFB3EE2}"
EndProject
Global
	GlobalSection(SolutionConfigurationPlatforms) = preSolution
		Debug|Any CPU = Debug|Any CPU
		Release|Any CPU = Release|Any CPU
	EndGlobalSection
	GlobalSection(ProjectConfigurationPlatforms) = postSolution
		{93ACAF31-5EBA-4F31-9367-6A03ECFBFDC9}.Debug|Any CPU.ActiveCfg = Debug|Any CPU
		{93ACAF31-5EBA-4F31-9367-6A03ECFBFDC9}.Debug|Any CPU.Build.0 = Debug|Any CPU
		{93ACAF31-5EBA-4F31-9367-6A03ECFBFDC9}.Release|Any CPU.ActiveCfg = Release|Any CPU
		{93ACAF31-5EBA-4F31-9367-6A03ECFBFDC9}.Release|Any CPU.Build.0 = Release|Any CPU
		{926C5491-8AE2-4126-A989-CA68AECB47FA}.Debug|Any CPU.ActiveCfg = Debug|Any CPU
		{926C5491-8AE2-4126-A989-CA68AECB47FA}.Debug|Any CPU.Build.0 = Debug|Any CPU
		{926C5491-8AE2-4126-A989-CA68AECB47FA}.Release|Any CPU.ActiveCfg = Release|Any CPU
		{926C5491-8AE2-4126-A989-CA68AECB47FA}.Release|Any CPU.Build.0 = Release|Any CPU
		{E26B5700-FA3E-4BEA-82AD-EE62AAE3046A}.Debug|Any CPU.ActiveCfg = Debug|Any CPU
		{E26B5700-FA3E-4BEA-82AD-EE62AAE3046A}.Debug|Any CPU.Build.0 = Debug|Any CPU
		{E26B5700-FA3E-4BEA-82AD-EE62AAE3046A}.Release|Any CPU.ActiveCfg = Release|Any CPU
		{E26B5700-FA3E-4BEA-82AD-EE62AAE3046A}.Release|Any CPU.Build.0 = Release|Any CPU
		{D3E7EA3A-1FC2-4169-B739-CE69D4CBF862}.Debug|Any CPU.ActiveCfg = Debug|Any CPU
		{D3E7EA3A-1FC2-4169-B739-CE69D4CBF862}.Debug|Any CPU.Build.0 = Debug|Any CPU
		{D3E7EA3A-1FC2-4169-B739-CE69D4CBF862}.Release|Any CPU.ActiveCfg = Release|Any CPU
		{D3E7EA3A-1FC2-4169-B739-CE69D4CBF862}.Release|Any CPU.Build.0 = Release|Any CPU
		{0D7EF8C1-DFA4-411C-9188-83DD734C6CDF}.Debug|Any CPU.ActiveCfg = Debug|Any CPU
		{0D7EF8C1-DFA4-411C-9188-83DD734C6CDF}.Debug|Any CPU.Build.0 = Debug|Any CPU
		{0D7EF8C1-DFA4-411C-9188-83DD734C6CDF}.Release|Any CPU.ActiveCfg = Release|Any CPU
		{0D7EF8C1-DFA4-411C-9188-83DD734C6CDF}.Release|Any CPU.Build.0 = Release|Any CPU
		{3E396777-5832-4827-AA92-63C540323090}.Debug|Any CPU.ActiveCfg = Debug|Any CPU
		{3E396777-5832-4827-AA92-63C540323090}.Debug|Any CPU.Build.0 = Debug|Any CPU
		{3E396777-5832-4827-AA92-63C540323090}.Release|Any CPU.ActiveCfg = Release|Any CPU
		{3E396777-5832-4827-AA92-63C540323090}.Release|Any CPU.Build.0 = Release|Any CPU
		{3DFB8ED6-1573-4500-A1E2-BBB3B8981792}.Debug|Any CPU.ActiveCfg = Debug|Any CPU
		{3DFB8ED6-1573-4500-A1E2-BBB3B8981792}.Debug|Any CPU.Build.0 = Debug|Any CPU
		{3DFB8ED6-1573-4500-A1E2-BBB3B8981792}.Release|Any CPU.ActiveCfg = Release|Any CPU
		{3DFB8ED6-1573-4500-A1E2-BBB3B8981792}.Release|Any CPU.Build.0 = Release|Any CPU
		{2348F107-01BE-4E07-9F4E-E3842D0D9D7F}.Debug|Any CPU.ActiveCfg = Debug|Any CPU
		{2348F107-01BE-4E07-9F4E-E3842D0D9D7F}.Debug|Any CPU.Build.0 = Debug|Any CPU
		{2348F107-01BE-4E07-9F4E-E3842D0D9D7F}.Release|Any CPU.ActiveCfg = Release|Any CPU
		{2348F107-01BE-4E07-9F4E-E3842D0D9D7F}.Release|Any CPU.Build.0 = Release|Any CPU
		{C7E743F0-DC56-4C06-9409-80BDDDB87086}.Debug|Any CPU.ActiveCfg = Debug|Any CPU
		{C7E743F0-DC56-4C06-9409-80BDDDB87086}.Debug|Any CPU.Build.0 = Debug|Any CPU
		{C7E743F0-DC56-4C06-9409-80BDDDB87086}.Release|Any CPU.ActiveCfg = Release|Any CPU
		{C7E743F0-DC56-4C06-9409-80BDDDB87086}.Release|Any CPU.Build.0 = Release|Any CPU
		{1E41242B-0926-460B-BB87-872DCBFB3EE2}.Debug|Any CPU.ActiveCfg = Debug|Any CPU
		{1E41242B-0926-460B-BB87-872DCBFB3EE2}.Debug|Any CPU.Build.0 = Debug|Any CPU
		{1E41242B-0926-460B-BB87-872DCBFB3EE2}.Release|Any CPU.ActiveCfg = Release|Any CPU
		{1E41242B-0926-460B-BB87-872DCBFB3EE2}.Release|Any CPU.Build.0 = Release|Any CPU
	EndGlobalSection
	GlobalSection(SolutionProperties) = preSolution
		HideSolutionNode = FALSE
	EndGlobalSection
	GlobalSection(NestedProjects) = preSolution
		{8CB13A63-192F-46C5-8B5B-465405CB6176} = {1E798A3C-1914-42A0-9FCF-C82EE3BCBF05}
		{4242E403-B773-40BE-A742-B4EA61FF745F} = {1E798A3C-1914-42A0-9FCF-C82EE3BCBF05}
		{76CD4E4B-E0F6-4DCB-8379-3E816BAFFDEE} = {1E798A3C-1914-42A0-9FCF-C82EE3BCBF05}
		{AE0A5E56-79B0-43AB-A6C4-4F712AA2D61A} = {1E798A3C-1914-42A0-9FCF-C82EE3BCBF05}
		{746579F2-8547-45E3-AE85-2E62C86A9396} = {1E798A3C-1914-42A0-9FCF-C82EE3BCBF05}
		{93ACAF31-5EBA-4F31-9367-6A03ECFBFDC9} = {00E8DE4A-8EF8-49CC-94BB-007B3FB4A3DA}
		{926C5491-8AE2-4126-A989-CA68AECB47FA} = {737AB9E2-DE46-4551-BA52-22C140E7E058}
		{E26B5700-FA3E-4BEA-82AD-EE62AAE3046A} = {737AB9E2-DE46-4551-BA52-22C140E7E058}
		{D3E7EA3A-1FC2-4169-B739-CE69D4CBF862} = {737AB9E2-DE46-4551-BA52-22C140E7E058}
		{0D7EF8C1-DFA4-411C-9188-83DD734C6CDF} = {3E5E8DA5-5D08-41F3-ADB7-1B099A711922}
		{3E396777-5832-4827-AA92-63C540323090} = {3E5E8DA5-5D08-41F3-ADB7-1B099A711922}
		{3FD8D045-3E6C-442F-BE06-DEED425D55DB} = {1E798A3C-1914-42A0-9FCF-C82EE3BCBF05}
		{3DFB8ED6-1573-4500-A1E2-BBB3B8981792} = {3E5E8DA5-5D08-41F3-ADB7-1B099A711922}
		{2348F107-01BE-4E07-9F4E-E3842D0D9D7F} = {3E5E8DA5-5D08-41F3-ADB7-1B099A711922}
		{C7E743F0-DC56-4C06-9409-80BDDDB87086} = {737AB9E2-DE46-4551-BA52-22C140E7E058}
		{1E41242B-0926-460B-BB87-872DCBFB3EE2} = {B8D3B8BA-359E-4012-BD5E-384600E24760}
	EndGlobalSection
	GlobalSection(ExtensibilityGlobals) = postSolution
		SolutionGuid = {EEC437EB-4B78-4B78-ADA4-EC59FFF89DDE}
	EndGlobalSection
EndGlobal
